// !$*UTF8*$!
{
	archiveVersion = 1;
	classes = {
	};
	objectVersion = 50;
	objects = {

/* Begin PBXBuildFile section */
		8831293B20A5377A0098B373 /* AppDelegate.swift in Sources */ = {isa = PBXBuildFile; fileRef = 8831293A20A5377A0098B373 /* AppDelegate.swift */; };
		8831293D20A5377A0098B373 /* ViewController.swift in Sources */ = {isa = PBXBuildFile; fileRef = 8831293C20A5377A0098B373 /* ViewController.swift */; };
		8831294020A5377A0098B373 /* Main.storyboard in Resources */ = {isa = PBXBuildFile; fileRef = 8831293E20A5377A0098B373 /* Main.storyboard */; };
		8831294220A5377E0098B373 /* Assets.xcassets in Resources */ = {isa = PBXBuildFile; fileRef = 8831294120A5377E0098B373 /* Assets.xcassets */; };
		8831294520A5377E0098B373 /* LaunchScreen.storyboard in Resources */ = {isa = PBXBuildFile; fileRef = 8831294320A5377E0098B373 /* LaunchScreen.storyboard */; };
		8831295020A5377E0098B373 /* jesse_swift_1Tests.swift in Sources */ = {isa = PBXBuildFile; fileRef = 8831294F20A5377E0098B373 /* jesse_swift_1Tests.swift */; };
		8831295B20A5377E0098B373 /* jesse_swift_1UITests.swift in Sources */ = {isa = PBXBuildFile; fileRef = 8831295A20A5377E0098B373 /* jesse_swift_1UITests.swift */; };
/* End PBXBuildFile section */

/* Begin PBXContainerItemProxy section */
		8831294C20A5377E0098B373 /* PBXContainerItemProxy */ = {
			isa = PBXContainerItemProxy;
			containerPortal = 8831292F20A5377A0098B373 /* Project object */;
			proxyType = 1;
			remoteGlobalIDString = 8831293620A5377A0098B373;
			remoteInfo = jesse_swift_1;
		};
		8831295720A5377E0098B373 /* PBXContainerItemProxy */ = {
			isa = PBXContainerItemProxy;
			containerPortal = 8831292F20A5377A0098B373 /* Project object */;
			proxyType = 1;
			remoteGlobalIDString = 8831293620A5377A0098B373;
			remoteInfo = jesse_swift_1;
		};
/* End PBXContainerItemProxy section */

/* Begin PBXFileReference section */
		8831293720A5377A0098B373 /* jesse_swift_1.app */ = {isa = PBXFileReference; explicitFileType = wrapper.application; includeInIndex = 0; path = jesse_swift_1.app; sourceTree = BUILT_PRODUCTS_DIR; };
		8831293A20A5377A0098B373 /* AppDelegate.swift */ = {isa = PBXFileReference; lastKnownFileType = sourcecode.swift; path = AppDelegate.swift; sourceTree = "<group>"; };
		8831293C20A5377A0098B373 /* ViewController.swift */ = {isa = PBXFileReference; lastKnownFileType = sourcecode.swift; path = ViewController.swift; sourceTree = "<group>"; };
		8831293F20A5377A0098B373 /* Base */ = {isa = PBXFileReference; lastKnownFileType = file.storyboard; name = Base; path = Base.lproj/Main.storyboard; sourceTree = "<group>"; };
		8831294120A5377E0098B373 /* Assets.xcassets */ = {isa = PBXFileReference; lastKnownFileType = folder.assetcatalog; path = Assets.xcassets; sourceTree = "<group>"; };
		8831294420A5377E0098B373 /* Base */ = {isa = PBXFileReference; lastKnownFileType = file.storyboard; name = Base; path = Base.lproj/LaunchScreen.storyboard; sourceTree = "<group>"; };
		8831294620A5377E0098B373 /* Info.plist */ = {isa = PBXFileReference; lastKnownFileType = text.plist.xml; path = Info.plist; sourceTree = "<group>"; };
		8831294B20A5377E0098B373 /* jesse_swift_1Tests.xctest */ = {isa = PBXFileReference; explicitFileType = wrapper.cfbundle; includeInIndex = 0; path = jesse_swift_1Tests.xctest; sourceTree = BUILT_PRODUCTS_DIR; };
		8831294F20A5377E0098B373 /* jesse_swift_1Tests.swift */ = {isa = PBXFileReference; lastKnownFileType = sourcecode.swift; path = jesse_swift_1Tests.swift; sourceTree = "<group>"; };
		8831295120A5377E0098B373 /* Info.plist */ = {isa = PBXFileReference; lastKnownFileType = text.plist.xml; path = Info.plist; sourceTree = "<group>"; };
		8831295620A5377E0098B373 /* jesse_swift_1UITests.xctest */ = {isa = PBXFileReference; explicitFileType = wrapper.cfbundle; includeInIndex = 0; path = jesse_swift_1UITests.xctest; sourceTree = BUILT_PRODUCTS_DIR; };
		8831295A20A5377E0098B373 /* jesse_swift_1UITests.swift */ = {isa = PBXFileReference; lastKnownFileType = sourcecode.swift; path = jesse_swift_1UITests.swift; sourceTree = "<group>"; };
		8831295C20A5377E0098B373 /* Info.plist */ = {isa = PBXFileReference; lastKnownFileType = text.plist.xml; path = Info.plist; sourceTree = "<group>"; };
/* End PBXFileReference section */

/* Begin PBXFrameworksBuildPhase section */
		8831293420A5377A0098B373 /* Frameworks */ = {
			isa = PBXFrameworksBuildPhase;
			buildActionMask = 2147483647;
			files = (
			);
			runOnlyForDeploymentPostprocessing = 0;
		};
		8831294820A5377E0098B373 /* Frameworks */ = {
			isa = PBXFrameworksBuildPhase;
			buildActionMask = 2147483647;
			files = (
			);
			runOnlyForDeploymentPostprocessing = 0;
		};
		8831295320A5377E0098B373 /* Frameworks */ = {
			isa = PBXFrameworksBuildPhase;
			buildActionMask = 2147483647;
			files = (
			);
			runOnlyForDeploymentPostprocessing = 0;
		};
/* End PBXFrameworksBuildPhase section */

/* Begin PBXGroup section */
		8831292E20A5377A0098B373 = {
			isa = PBXGroup;
			children = (
				8831293920A5377A0098B373 /* jesse_swift_1 */,
				8831294E20A5377E0098B373 /* jesse_swift_1Tests */,
				8831295920A5377E0098B373 /* jesse_swift_1UITests */,
				8831293820A5377A0098B373 /* Products */,
			);
			sourceTree = "<group>";
		};
		8831293820A5377A0098B373 /* Products */ = {
			isa = PBXGroup;
			children = (
				8831293720A5377A0098B373 /* jesse_swift_1.app */,
				8831294B20A5377E0098B373 /* jesse_swift_1Tests.xctest */,
				8831295620A5377E0098B373 /* jesse_swift_1UITests.xctest */,
			);
			name = Products;
			sourceTree = "<group>";
		};
		8831293920A5377A0098B373 /* jesse_swift_1 */ = {
			isa = PBXGroup;
			children = (
				8831293A20A5377A0098B373 /* AppDelegate.swift */,
				8831293C20A5377A0098B373 /* ViewController.swift */,
				8831293E20A5377A0098B373 /* Main.storyboard */,
				8831294120A5377E0098B373 /* Assets.xcassets */,
				8831294320A5377E0098B373 /* LaunchScreen.storyboard */,
				8831294620A5377E0098B373 /* Info.plist */,
			);
			path = jesse_swift_1;
			sourceTree = "<group>";
		};
		8831294E20A5377E0098B373 /* jesse_swift_1Tests */ = {
			isa = PBXGroup;
			children = (
				8831294F20A5377E0098B373 /* jesse_swift_1Tests.swift */,
				8831295120A5377E0098B373 /* Info.plist */,
			);
			path = jesse_swift_1Tests;
			sourceTree = "<group>";
		};
		8831295920A5377E0098B373 /* jesse_swift_1UITests */ = {
			isa = PBXGroup;
			children = (
				8831295A20A5377E0098B373 /* jesse_swift_1UITests.swift */,
				8831295C20A5377E0098B373 /* Info.plist */,
			);
			path = jesse_swift_1UITests;
			sourceTree = "<group>";
		};
/* End PBXGroup section */

/* Begin PBXNativeTarget section */
		8831293620A5377A0098B373 /* jesse_swift_1 */ = {
			isa = PBXNativeTarget;
			buildConfigurationList = 8831295F20A5377E0098B373 /* Build configuration list for PBXNativeTarget "jesse_swift_1" */;
			buildPhases = (
				8831293320A5377A0098B373 /* Sources */,
				8831293420A5377A0098B373 /* Frameworks */,
				8831293520A5377A0098B373 /* Resources */,
			);
			buildRules = (
			);
			dependencies = (
			);
			name = jesse_swift_1;
			productName = jesse_swift_1;
			productReference = 8831293720A5377A0098B373 /* jesse_swift_1.app */;
			productType = "com.apple.product-type.application";
		};
		8831294A20A5377E0098B373 /* jesse_swift_1Tests */ = {
			isa = PBXNativeTarget;
			buildConfigurationList = 8831296220A5377E0098B373 /* Build configuration list for PBXNativeTarget "jesse_swift_1Tests" */;
			buildPhases = (
				8831294720A5377E0098B373 /* Sources */,
				8831294820A5377E0098B373 /* Frameworks */,
				8831294920A5377E0098B373 /* Resources */,
			);
			buildRules = (
			);
			dependencies = (
				8831294D20A5377E0098B373 /* PBXTargetDependency */,
			);
			name = jesse_swift_1Tests;
			productName = jesse_swift_1Tests;
			productReference = 8831294B20A5377E0098B373 /* jesse_swift_1Tests.xctest */;
			productType = "com.apple.product-type.bundle.unit-test";
		};
		8831295520A5377E0098B373 /* jesse_swift_1UITests */ = {
			isa = PBXNativeTarget;
			buildConfigurationList = 8831296520A5377E0098B373 /* Build configuration list for PBXNativeTarget "jesse_swift_1UITests" */;
			buildPhases = (
				8831295220A5377E0098B373 /* Sources */,
				8831295320A5377E0098B373 /* Frameworks */,
				8831295420A5377E0098B373 /* Resources */,
			);
			buildRules = (
			);
			dependencies = (
				8831295820A5377E0098B373 /* PBXTargetDependency */,
			);
			name = jesse_swift_1UITests;
			productName = jesse_swift_1UITests;
			productReference = 8831295620A5377E0098B373 /* jesse_swift_1UITests.xctest */;
			productType = "com.apple.product-type.bundle.ui-testing";
		};
/* End PBXNativeTarget section */

/* Begin PBXProject section */
		8831292F20A5377A0098B373 /* Project object */ = {
			isa = PBXProject;
			attributes = {
				LastSwiftUpdateCheck = 0930;
				LastUpgradeCheck = 0930;
				ORGANIZATIONNAME = Jesse;
				TargetAttributes = {
					8831293620A5377A0098B373 = {
						CreatedOnToolsVersion = 9.3;
					};
					8831294A20A5377E0098B373 = {
						CreatedOnToolsVersion = 9.3;
						TestTargetID = 8831293620A5377A0098B373;
					};
					8831295520A5377E0098B373 = {
						CreatedOnToolsVersion = 9.3;
						TestTargetID = 8831293620A5377A0098B373;
					};
				};
			};
			buildConfigurationList = 8831293220A5377A0098B373 /* Build configuration list for PBXProject "jesse_swift_1" */;
			compatibilityVersion = "Xcode 9.3";
			developmentRegion = en;
			hasScannedForEncodings = 0;
			knownRegions = (
				en,
				Base,
			);
			mainGroup = 8831292E20A5377A0098B373;
			productRefGroup = 8831293820A5377A0098B373 /* Products */;
			projectDirPath = "";
			projectRoot = "";
			targets = (
				8831293620A5377A0098B373 /* jesse_swift_1 */,
				8831294A20A5377E0098B373 /* jesse_swift_1Tests */,
				8831295520A5377E0098B373 /* jesse_swift_1UITests */,
			);
		};
/* End PBXProject section */

/* Begin PBXResourcesBuildPhase section */
		8831293520A5377A0098B373 /* Resources */ = {
			isa = PBXResourcesBuildPhase;
			buildActionMask = 2147483647;
			files = (
				8831294520A5377E0098B373 /* LaunchScreen.storyboard in Resources */,
				8831294220A5377E0098B373 /* Assets.xcassets in Resources */,
				8831294020A5377A0098B373 /* Main.storyboard in Resources */,
			);
			runOnlyForDeploymentPostprocessing = 0;
		};
		8831294920A5377E0098B373 /* Resources */ = {
			isa = PBXResourcesBuildPhase;
			buildActionMask = 2147483647;
			files = (
			);
			runOnlyForDeploymentPostprocessing = 0;
		};
		8831295420A5377E0098B373 /* Resources */ = {
			isa = PBXResourcesBuildPhase;
			buildActionMask = 2147483647;
			files = (
			);
			runOnlyForDeploymentPostprocessing = 0;
		};
/* End PBXResourcesBuildPhase section */

/* Begin PBXSourcesBuildPhase section */
		8831293320A5377A0098B373 /* Sources */ = {
			isa = PBXSourcesBuildPhase;
			buildActionMask = 2147483647;
			files = (
				8831293D20A5377A0098B373 /* ViewController.swift in Sources */,
				8831293B20A5377A0098B373 /* AppDelegate.swift in Sources */,
			);
			runOnlyForDeploymentPostprocessing = 0;
		};
		8831294720A5377E0098B373 /* Sources */ = {
			isa = PBXSourcesBuildPhase;
			buildActionMask = 2147483647;
			files = (
				8831295020A5377E0098B373 /* jesse_swift_1Tests.swift in Sources */,
			);
			runOnlyForDeploymentPostprocessing = 0;
		};
		8831295220A5377E0098B373 /* Sources */ = {
			isa = PBXSourcesBuildPhase;
			buildActionMask = 2147483647;
			files = (
				8831295B20A5377E0098B373 /* jesse_swift_1UITests.swift in Sources */,
			);
			runOnlyForDeploymentPostprocessing = 0;
		};
/* End PBXSourcesBuildPhase section */

/* Begin PBXTargetDependency section */
		8831294D20A5377E0098B373 /* PBXTargetDependency */ = {
			isa = PBXTargetDependency;
			target = 8831293620A5377A0098B373 /* jesse_swift_1 */;
			targetProxy = 8831294C20A5377E0098B373 /* PBXContainerItemProxy */;
		};
		8831295820A5377E0098B373 /* PBXTargetDependency */ = {
			isa = PBXTargetDependency;
			target = 8831293620A5377A0098B373 /* jesse_swift_1 */;
			targetProxy = 8831295720A5377E0098B373 /* PBXContainerItemProxy */;
		};
/* End PBXTargetDependency section */

/* Begin PBXVariantGroup section */
		8831293E20A5377A0098B373 /* Main.storyboard */ = {
			isa = PBXVariantGroup;
			children = (
				8831293F20A5377A0098B373 /* Base */,
			);
			name = Main.storyboard;
			sourceTree = "<group>";
		};
		8831294320A5377E0098B373 /* LaunchScreen.storyboard */ = {
			isa = PBXVariantGroup;
			children = (
				8831294420A5377E0098B373 /* Base */,
			);
			name = LaunchScreen.storyboard;
			sourceTree = "<group>";
		};
/* End PBXVariantGroup section */

/* Begin XCBuildConfiguration section */
		8831295D20A5377E0098B373 /* Debug */ = {
			isa = XCBuildConfiguration;
			buildSettings = {
				ALWAYS_SEARCH_USER_PATHS = NO;
				CLANG_ANALYZER_NONNULL = YES;
				CLANG_ANALYZER_NUMBER_OBJECT_CONVERSION = YES_AGGRESSIVE;
				CLANG_CXX_LANGUAGE_STANDARD = "gnu++14";
				CLANG_CXX_LIBRARY = "libc++";
				CLANG_ENABLE_MODULES = YES;
				CLANG_ENABLE_OBJC_ARC = YES;
				CLANG_ENABLE_OBJC_WEAK = YES;
				CLANG_WARN_BLOCK_CAPTURE_AUTORELEASING = YES;
				CLANG_WARN_BOOL_CONVERSION = YES;
				CLANG_WARN_COMMA = YES;
				CLANG_WARN_CONSTANT_CONVERSION = YES;
				CLANG_WARN_DEPRECATED_OBJC_IMPLEMENTATIONS = YES;
				CLANG_WARN_DIRECT_OBJC_ISA_USAGE = YES_ERROR;
				CLANG_WARN_DOCUMENTATION_COMMENTS = YES;
				CLANG_WARN_EMPTY_BODY = YES;
				CLANG_WARN_ENUM_CONVERSION = YES;
				CLANG_WARN_INFINITE_RECURSION = YES;
				CLANG_WARN_INT_CONVERSION = YES;
				CLANG_WARN_NON_LITERAL_NULL_CONVERSION = YES;
				CLANG_WARN_OBJC_IMPLICIT_RETAIN_SELF = YES;
				CLANG_WARN_OBJC_LITERAL_CONVERSION = YES;
				CLANG_WARN_OBJC_ROOT_CLASS = YES_ERROR;
				CLANG_WARN_RANGE_LOOP_ANALYSIS = YES;
				CLANG_WARN_STRICT_PROTOTYPES = YES;
				CLANG_WARN_SUSPICIOUS_MOVE = YES;
				CLANG_WARN_UNGUARDED_AVAILABILITY = YES_AGGRESSIVE;
				CLANG_WARN_UNREACHABLE_CODE = YES;
				CLANG_WARN__DUPLICATE_METHOD_MATCH = YES;
				CODE_SIGN_IDENTITY = "iPhone Developer";
				COPY_PHASE_STRIP = NO;
				DEBUG_INFORMATION_FORMAT = dwarf;
				ENABLE_STRICT_OBJC_MSGSEND = YES;
				ENABLE_TESTABILITY = YES;
				GCC_C_LANGUAGE_STANDARD = gnu11;
				GCC_DYNAMIC_NO_PIC = NO;
				GCC_NO_COMMON_BLOCKS = YES;
				GCC_OPTIMIZATION_LEVEL = 0;
				GCC_PREPROCESSOR_DEFINITIONS = (
					"DEBUG=1",
					"$(inherited)",
				);
				GCC_WARN_64_TO_32_BIT_CONVERSION = YES;
				GCC_WARN_ABOUT_RETURN_TYPE = YES_ERROR;
				GCC_WARN_UNDECLARED_SELECTOR = YES;
				GCC_WARN_UNINITIALIZED_AUTOS = YES_AGGRESSIVE;
				GCC_WARN_UNUSED_FUNCTION = YES;
				GCC_WARN_UNUSED_VARIABLE = YES;
				IPHONEOS_DEPLOYMENT_TARGET = 11.3;
				MTL_ENABLE_DEBUG_INFO = YES;
				ONLY_ACTIVE_ARCH = YES;
				SDKROOT = iphoneos;
				SWIFT_ACTIVE_COMPILATION_CONDITIONS = DEBUG;
				SWIFT_OPTIMIZATION_LEVEL = "-Onone";
			};
			name = Debug;
		};
		8831295E20A5377E0098B373 /* Release */ = {
			isa = XCBuildConfiguration;
			buildSettings = {
				ALWAYS_SEARCH_USER_PATHS = NO;
				CLANG_ANALYZER_NONNULL = YES;
				CLANG_ANALYZER_NUMBER_OBJECT_CONVERSION = YES_AGGRESSIVE;
				CLANG_CXX_LANGUAGE_STANDARD = "gnu++14";
				CLANG_CXX_LIBRARY = "libc++";
				CLANG_ENABLE_MODULES = YES;
				CLANG_ENABLE_OBJC_ARC = YES;
				CLANG_ENABLE_OBJC_WEAK = YES;
				CLANG_WARN_BLOCK_CAPTURE_AUTORELEASING = YES;
				CLANG_WARN_BOOL_CONVERSION = YES;
				CLANG_WARN_COMMA = YES;
				CLANG_WARN_CONSTANT_CONVERSION = YES;
				CLANG_WARN_DEPRECATED_OBJC_IMPLEMENTATIONS = YES;
				CLANG_WARN_DIRECT_OBJC_ISA_USAGE = YES_ERROR;
				CLANG_WARN_DOCUMENTATION_COMMENTS = YES;
				CLANG_WARN_EMPTY_BODY = YES;
				CLANG_WARN_ENUM_CONVERSION = YES;
				CLANG_WARN_INFINITE_RECURSION = YES;
				CLANG_WARN_INT_CONVERSION = YES;
				CLANG_WARN_NON_LITERAL_NULL_CONVERSION = YES;
				CLANG_WARN_OBJC_IMPLICIT_RETAIN_SELF = YES;
				CLANG_WARN_OBJC_LITERAL_CONVERSION = YES;
				CLANG_WARN_OBJC_ROOT_CLASS = YES_ERROR;
				CLANG_WARN_RANGE_LOOP_ANALYSIS = YES;
				CLANG_WARN_STRICT_PROTOTYPES = YES;
				CLANG_WARN_SUSPICIOUS_MOVE = YES;
				CLANG_WARN_UNGUARDED_AVAILABILITY = YES_AGGRESSIVE;
				CLANG_WARN_UNREACHABLE_CODE = YES;
				CLANG_WARN__DUPLICATE_METHOD_MATCH = YES;
				CODE_SIGN_IDENTITY = "iPhone Developer";
				COPY_PHASE_STRIP = NO;
				DEBUG_INFORMATION_FORMAT = "dwarf-with-dsym";
				ENABLE_NS_ASSERTIONS = NO;
				ENABLE_STRICT_OBJC_MSGSEND = YES;
				GCC_C_LANGUAGE_STANDARD = gnu11;
				GCC_NO_COMMON_BLOCKS = YES;
				GCC_WARN_64_TO_32_BIT_CONVERSION = YES;
				GCC_WARN_ABOUT_RETURN_TYPE = YES_ERROR;
				GCC_WARN_UNDECLARED_SELECTOR = YES;
				GCC_WARN_UNINITIALIZED_AUTOS = YES_AGGRESSIVE;
				GCC_WARN_UNUSED_FUNCTION = YES;
				GCC_WARN_UNUSED_VARIABLE = YES;
				IPHONEOS_DEPLOYMENT_TARGET = 11.3;
				MTL_ENABLE_DEBUG_INFO = NO;
				SDKROOT = iphoneos;
				SWIFT_COMPILATION_MODE = wholemodule;
				SWIFT_OPTIMIZATION_LEVEL = "-O";
				VALIDATE_PRODUCT = YES;
			};
			name = Release;
		};
		8831296020A5377E0098B373 /* Debug */ = {
			isa = XCBuildConfiguration;
			buildSettings = {
				ASSETCATALOG_COMPILER_APPICON_NAME = AppIcon;
				CODE_SIGN_STYLE = Automatic;
				DEVELOPMENT_TEAM = UY3K8G88QQ;
				INFOPLIST_FILE = jesse_swift_1/Info.plist;
				LD_RUNPATH_SEARCH_PATHS = (
					"$(inherited)",
					"@executable_path/Frameworks",
				);
				PRODUCT_BUNDLE_IDENTIFIER = "com.jesse.jesse-swift-1";
				PRODUCT_NAME = "$(TARGET_NAME)";
				SWIFT_VERSION = 4.0;
				TARGETED_DEVICE_FAMILY = "1,2";
			};
			name = Debug;
		};
		8831296120A5377E0098B373 /* Release */ = {
			isa = XCBuildConfiguration;
			buildSettings = {
				ASSETCATALOG_COMPILER_APPICON_NAME = AppIcon;
				CODE_SIGN_STYLE = Automatic;
				DEVELOPMENT_TEAM = UY3K8G88QQ;
				INFOPLIST_FILE = jesse_swift_1/Info.plist;
				LD_RUNPATH_SEARCH_PATHS = (
					"$(inherited)",
					"@executable_path/Frameworks",
				);
				PRODUCT_BUNDLE_IDENTIFIER = "com.jesse.jesse-swift-1";
				PRODUCT_NAME = "$(TARGET_NAME)";
				SWIFT_VERSION = 4.0;
				TARGETED_DEVICE_FAMILY = "1,2";
			};
			name = Release;
		};
		8831296320A5377E0098B373 /* Debug */ = {
			isa = XCBuildConfiguration;
			buildSettings = {
				ALWAYS_EMBED_SWIFT_STANDARD_LIBRARIES = YES;
				BUNDLE_LOADER = "$(TEST_HOST)";
				CODE_SIGN_STYLE = Automatic;
				INFOPLIST_FILE = jesse_swift_1Tests/Info.plist;
				LD_RUNPATH_SEARCH_PATHS = (
					"$(inherited)",
					"@executable_path/Frameworks",
					"@loader_path/Frameworks",
				);
				PRODUCT_BUNDLE_IDENTIFIER = "com.jesse.jesse-swift-1Tests";
				PRODUCT_NAME = "$(TARGET_NAME)";
				SWIFT_VERSION = 4.0;
				TARGETED_DEVICE_FAMILY = "1,2";
				TEST_HOST = "$(BUILT_PRODUCTS_DIR)/jesse_swift_1.app/jesse_swift_1";
			};
			name = Debug;
		};
		8831296420A5377E0098B373 /* Release */ = {
			isa = XCBuildConfiguration;
			buildSettings = {
				ALWAYS_EMBED_SWIFT_STANDARD_LIBRARIES = YES;
				BUNDLE_LOADER = "$(TEST_HOST)";
				CODE_SIGN_STYLE = Automatic;
				INFOPLIST_FILE = jesse_swift_1Tests/Info.plist;
				LD_RUNPATH_SEARCH_PATHS = (
					"$(inherited)",
					"@executable_path/Frameworks",
					"@loader_path/Frameworks",
				);
				PRODUCT_BUNDLE_IDENTIFIER = "com.jesse.jesse-swift-1Tests";
				PRODUCT_NAME = "$(TARGET_NAME)";
				SWIFT_VERSION = 4.0;
				TARGETED_DEVICE_FAMILY = "1,2";
				TEST_HOST = "$(BUILT_PRODUCTS_DIR)/jesse_swift_1.app/jesse_swift_1";
			};
			name = Release;
		};
		8831296620A5377E0098B373 /* Debug */ = {
			isa = XCBuildConfiguration;
			buildSettings = {
				ALWAYS_EMBED_SWIFT_STANDARD_LIBRARIES = YES;
				CODE_SIGN_STYLE = Automatic;
				INFOPLIST_FILE = jesse_swift_1UITests/Info.plist;
				LD_RUNPATH_SEARCH_PATHS = (
					"$(inherited)",
					"@executable_path/Frameworks",
					"@loader_path/Frameworks",
				);
				PRODUCT_BUNDLE_IDENTIFIER = "com.jesse.jesse-swift-1UITests";
				PRODUCT_NAME = "$(TARGET_NAME)";
				SWIFT_VERSION = 4.0;
				TARGETED_DEVICE_FAMILY = "1,2";
				TEST_TARGET_NAME = jesse_swift_1;
			};
			name = Debug;
		};
		8831296720A5377E0098B373 /* Release */ = {
			isa = XCBuildConfiguration;
			buildSettings = {
				ALWAYS_EMBED_SWIFT_STANDARD_LIBRARIES = YES;
				CODE_SIGN_STYLE = Automatic;
				INFOPLIST_FILE = jesse_swift_1UITests/Info.plist;
				LD_RUNPATH_SEARCH_PATHS = (
					"$(inherited)",
					"@executable_path/Frameworks",
					"@loader_path/Frameworks",
				);
				PRODUCT_BUNDLE_IDENTIFIER = "com.jesse.jesse-swift-1UITests";
				PRODUCT_NAME = "$(TARGET_NAME)";
				SWIFT_VERSION = 4.0;
				TARGETED_DEVICE_FAMILY = "1,2";
				TEST_TARGET_NAME = jesse_swift_1;
			};
			name = Release;
		};
/* End XCBuildConfiguration section */

/* Begin XCConfigurationList section */
		8831293220A5377A0098B373 /* Build configuration list for PBXProject "jesse_swift_1" */ = {
			isa = XCConfigurationList;
			buildConfigurations = (
				8831295D20A5377E0098B373 /* Debug */,
				8831295E20A5377E0098B373 /* Release */,
			);
			defaultConfigurationIsVisible = 0;
			defaultConfigurationName = Release;
		};
		8831295F20A5377E0098B373 /* Build configuration list for PBXNativeTarget "jesse_swift_1" */ = {
			isa = XCConfigurationList;
			buildConfigurations = (
				8831296020A5377E0098B373 /* Debug */,
				8831296120A5377E0098B373 /* Release */,
			);
			defaultConfigurationIsVisible = 0;
			defaultConfigurationName = Release;
		};
		8831296220A5377E0098B373 /* Build configuration list for PBXNativeTarget "jesse_swift_1Tests" */ = {
			isa = XCConfigurationList;
			buildConfigurations = (
				8831296320A5377E0098B373 /* Debug */,
				8831296420A5377E0098B373 /* Release */,
			);
			defaultConfigurationIsVisible = 0;
			defaultConfigurationName = Release;
		};
		8831296520A5377E0098B373 /* Build configuration list for PBXNativeTarget "jesse_swift_1UITests" */ = {
			isa = XCConfigurationList;
			buildConfigurations = (
				8831296620A5377E0098B373 /* Debug */,
				8831296720A5377E0098B373 /* Release */,
			);
			defaultConfigurationIsVisible = 0;
			defaultConfigurationName = Release;
		};
/* End XCConfigurationList section */
	};
	rootObject = 8831292F20A5377A0098B373 /* Project object */;
}
